// !$*UTF8*$!
{
	archiveVersion = 1;
	classes = {
	};
	objectVersion = 56;
	objects = {

/* Begin PBXBuildFile section */
		63D92EAD2C062EB800A3DC15 /* AppDelegate.swift in Sources */ = {isa = PBXBuildFile; fileRef = 63D92EAC2C062EB800A3DC15 /* AppDelegate.swift */; };
		63D92EAF2C062EB800A3DC15 /* SceneDelegate.swift in Sources */ = {isa = PBXBuildFile; fileRef = 63D92EAE2C062EB800A3DC15 /* SceneDelegate.swift */; };
		63D92EB12C062EB800A3DC15 /* PostViewController.swift in Sources */ = {isa = PBXBuildFile; fileRef = 63D92EB02C062EB800A3DC15 /* PostViewController.swift */; };
		63D92EB42C062EB800A3DC15 /* Base in Resources */ = {isa = PBXBuildFile; fileRef = 63D92EB32C062EB800A3DC15 /* Base */; };
		63D92EB62C062EBA00A3DC15 /* Assets.xcassets in Resources */ = {isa = PBXBuildFile; fileRef = 63D92EB52C062EBA00A3DC15 /* Assets.xcassets */; };
		63D92EB92C062EBA00A3DC15 /* Base in Resources */ = {isa = PBXBuildFile; fileRef = 63D92EB82C062EBA00A3DC15 /* Base */; };
		63D92EC42C062EBA00A3DC15 /* TableView_PaginationTests.swift in Sources */ = {isa = PBXBuildFile; fileRef = 63D92EC32C062EBA00A3DC15 /* TableView_PaginationTests.swift */; };
		63D92ECE2C062EBA00A3DC15 /* TableView_PaginationUITests.swift in Sources */ = {isa = PBXBuildFile; fileRef = 63D92ECD2C062EBA00A3DC15 /* TableView_PaginationUITests.swift */; };
		63D92ED02C062EBA00A3DC15 /* TableView_PaginationUITestsLaunchTests.swift in Sources */ = {isa = PBXBuildFile; fileRef = 63D92ECF2C062EBA00A3DC15 /* TableView_PaginationUITestsLaunchTests.swift */; };
		63D92EDE2C06307700A3DC15 /* DetailPostViewController.swift in Sources */ = {isa = PBXBuildFile; fileRef = 63D92EDD2C06307700A3DC15 /* DetailPostViewController.swift */; };
		63D92EE42C06405400A3DC15 /* PostRequest.swift in Sources */ = {isa = PBXBuildFile; fileRef = 63D92EE32C06405400A3DC15 /* PostRequest.swift */; };
		63D92EE62C06406E00A3DC15 /* PostResponse.swift in Sources */ = {isa = PBXBuildFile; fileRef = 63D92EE52C06406E00A3DC15 /* PostResponse.swift */; };
		63D92EE82C06424300A3DC15 /* APIService.swift in Sources */ = {isa = PBXBuildFile; fileRef = 63D92EE72C06424300A3DC15 /* APIService.swift */; };
		63D92EEA2C0642CE00A3DC15 /* PostResource.swift in Sources */ = {isa = PBXBuildFile; fileRef = 63D92EE92C0642CE00A3DC15 /* PostResource.swift */; };
		63D92EED2C0643DF00A3DC15 /* Common.swift in Sources */ = {isa = PBXBuildFile; fileRef = 63D92EEC2C0643DF00A3DC15 /* Common.swift */; };
		63D92EF02C06458F00A3DC15 /* PostViewModel.swift in Sources */ = {isa = PBXBuildFile; fileRef = 63D92EEF2C06458F00A3DC15 /* PostViewModel.swift */; };
		63D92EF32C06519900A3DC15 /* PostCell.swift in Sources */ = {isa = PBXBuildFile; fileRef = 63D92EF22C06519900A3DC15 /* PostCell.swift */; };
/* End PBXBuildFile section */

/* Begin PBXContainerItemProxy section */
		63D92EC02C062EBA00A3DC15 /* PBXContainerItemProxy */ = {
			isa = PBXContainerItemProxy;
			containerPortal = 63D92EA12C062EB800A3DC15 /* Project object */;
			proxyType = 1;
			remoteGlobalIDString = 63D92EA82C062EB800A3DC15;
			remoteInfo = TableView_Pagination;
		};
		63D92ECA2C062EBA00A3DC15 /* PBXContainerItemProxy */ = {
			isa = PBXContainerItemProxy;
			containerPortal = 63D92EA12C062EB800A3DC15 /* Project object */;
			proxyType = 1;
			remoteGlobalIDString = 63D92EA82C062EB800A3DC15;
			remoteInfo = TableView_Pagination;
		};
/* End PBXContainerItemProxy section */

/* Begin PBXFileReference section */
		63D92EA92C062EB800A3DC15 /* TableView_Pagination.app */ = {isa = PBXFileReference; explicitFileType = wrapper.application; includeInIndex = 0; path = TableView_Pagination.app; sourceTree = BUILT_PRODUCTS_DIR; };
		63D92EAC2C062EB800A3DC15 /* AppDelegate.swift */ = {isa = PBXFileReference; lastKnownFileType = sourcecode.swift; path = AppDelegate.swift; sourceTree = "<group>"; };
		63D92EAE2C062EB800A3DC15 /* SceneDelegate.swift */ = {isa = PBXFileReference; lastKnownFileType = sourcecode.swift; path = SceneDelegate.swift; sourceTree = "<group>"; };
		63D92EB02C062EB800A3DC15 /* PostViewController.swift */ = {isa = PBXFileReference; lastKnownFileType = sourcecode.swift; path = PostViewController.swift; sourceTree = "<group>"; };
		63D92EB32C062EB800A3DC15 /* Base */ = {isa = PBXFileReference; lastKnownFileType = file.storyboard; name = Base; path = Base.lproj/Main.storyboard; sourceTree = "<group>"; };
		63D92EB52C062EBA00A3DC15 /* Assets.xcassets */ = {isa = PBXFileReference; lastKnownFileType = folder.assetcatalog; path = Assets.xcassets; sourceTree = "<group>"; };
		63D92EB82C062EBA00A3DC15 /* Base */ = {isa = PBXFileReference; lastKnownFileType = file.storyboard; name = Base; path = Base.lproj/LaunchScreen.storyboard; sourceTree = "<group>"; };
		63D92EBA2C062EBA00A3DC15 /* Info.plist */ = {isa = PBXFileReference; lastKnownFileType = text.plist.xml; path = Info.plist; sourceTree = "<group>"; };
		63D92EBF2C062EBA00A3DC15 /* TableView_PaginationTests.xctest */ = {isa = PBXFileReference; explicitFileType = wrapper.cfbundle; includeInIndex = 0; path = TableView_PaginationTests.xctest; sourceTree = BUILT_PRODUCTS_DIR; };
		63D92EC32C062EBA00A3DC15 /* TableView_PaginationTests.swift */ = {isa = PBXFileReference; lastKnownFileType = sourcecode.swift; path = TableView_PaginationTests.swift; sourceTree = "<group>"; };
		63D92EC92C062EBA00A3DC15 /* TableView_PaginationUITests.xctest */ = {isa = PBXFileReference; explicitFileType = wrapper.cfbundle; includeInIndex = 0; path = TableView_PaginationUITests.xctest; sourceTree = BUILT_PRODUCTS_DIR; };
		63D92ECD2C062EBA00A3DC15 /* TableView_PaginationUITests.swift */ = {isa = PBXFileReference; lastKnownFileType = sourcecode.swift; path = TableView_PaginationUITests.swift; sourceTree = "<group>"; };
		63D92ECF2C062EBA00A3DC15 /* TableView_PaginationUITestsLaunchTests.swift */ = {isa = PBXFileReference; lastKnownFileType = sourcecode.swift; path = TableView_PaginationUITestsLaunchTests.swift; sourceTree = "<group>"; };
		63D92EDD2C06307700A3DC15 /* DetailPostViewController.swift */ = {isa = PBXFileReference; lastKnownFileType = sourcecode.swift; path = DetailPostViewController.swift; sourceTree = "<group>"; };
		63D92EE32C06405400A3DC15 /* PostRequest.swift */ = {isa = PBXFileReference; lastKnownFileType = sourcecode.swift; path = PostRequest.swift; sourceTree = "<group>"; };
		63D92EE52C06406E00A3DC15 /* PostResponse.swift */ = {isa = PBXFileReference; lastKnownFileType = sourcecode.swift; path = PostResponse.swift; sourceTree = "<group>"; };
		63D92EE72C06424300A3DC15 /* APIService.swift */ = {isa = PBXFileReference; lastKnownFileType = sourcecode.swift; path = APIService.swift; sourceTree = "<group>"; };
		63D92EE92C0642CE00A3DC15 /* PostResource.swift */ = {isa = PBXFileReference; lastKnownFileType = sourcecode.swift; path = PostResource.swift; sourceTree = "<group>"; };
		63D92EEC2C0643DF00A3DC15 /* Common.swift */ = {isa = PBXFileReference; lastKnownFileType = sourcecode.swift; path = Common.swift; sourceTree = "<group>"; };
		63D92EEF2C06458F00A3DC15 /* PostViewModel.swift */ = {isa = PBXFileReference; lastKnownFileType = sourcecode.swift; path = PostViewModel.swift; sourceTree = "<group>"; };
		63D92EF22C06519900A3DC15 /* PostCell.swift */ = {isa = PBXFileReference; lastKnownFileType = sourcecode.swift; path = PostCell.swift; sourceTree = "<group>"; };
/* End PBXFileReference section */

/* Begin PBXFrameworksBuildPhase section */
		63D92EA62C062EB800A3DC15 /* Frameworks */ = {
			isa = PBXFrameworksBuildPhase;
			buildActionMask = 2147483647;
			files = (
			);
			runOnlyForDeploymentPostprocessing = 0;
		};
		63D92EBC2C062EBA00A3DC15 /* Frameworks */ = {
			isa = PBXFrameworksBuildPhase;
			buildActionMask = 2147483647;
			files = (
			);
			runOnlyForDeploymentPostprocessing = 0;
		};
		63D92EC62C062EBA00A3DC15 /* Frameworks */ = {
			isa = PBXFrameworksBuildPhase;
			buildActionMask = 2147483647;
			files = (
			);
			runOnlyForDeploymentPostprocessing = 0;
		};
/* End PBXFrameworksBuildPhase section */

/* Begin PBXGroup section */
		63D92EA02C062EB800A3DC15 = {
			isa = PBXGroup;
			children = (
				63D92EAB2C062EB800A3DC15 /* TableView_Pagination */,
				63D92EC22C062EBA00A3DC15 /* TableView_PaginationTests */,
				63D92ECC2C062EBA00A3DC15 /* TableView_PaginationUITests */,
				63D92EAA2C062EB800A3DC15 /* Products */,
			);
			sourceTree = "<group>";
		};
		63D92EAA2C062EB800A3DC15 /* Products */ = {
			isa = PBXGroup;
			children = (
				63D92EA92C062EB800A3DC15 /* TableView_Pagination.app */,
				63D92EBF2C062EBA00A3DC15 /* TableView_PaginationTests.xctest */,
				63D92EC92C062EBA00A3DC15 /* TableView_PaginationUITests.xctest */,
			);
			name = Products;
			sourceTree = "<group>";
		};
		63D92EAB2C062EB800A3DC15 /* TableView_Pagination */ = {
			isa = PBXGroup;
			children = (
				63D92EEB2C06439B00A3DC15 /* Constants */,
				63D92EEE2C06457500A3DC15 /* ViewModels */,
				63D92EDF2C063F1700A3DC15 /* Models */,
				63D92EE12C06401100A3DC15 /* Resource */,
				63D92EE02C063FD400A3DC15 /* Services */,
				63D92EDC2C06305100A3DC15 /* Views */,
				63D92EF72C06EBF800A3DC15 /* Storyboard */,
				63D92EAC2C062EB800A3DC15 /* AppDelegate.swift */,
				63D92EAE2C062EB800A3DC15 /* SceneDelegate.swift */,
				63D92EB52C062EBA00A3DC15 /* Assets.xcassets */,
				63D92EBA2C062EBA00A3DC15 /* Info.plist */,
			);
			path = TableView_Pagination;
			sourceTree = "<group>";
		};
		63D92EC22C062EBA00A3DC15 /* TableView_PaginationTests */ = {
			isa = PBXGroup;
			children = (
				63D92EC32C062EBA00A3DC15 /* TableView_PaginationTests.swift */,
			);
			path = TableView_PaginationTests;
			sourceTree = "<group>";
		};
		63D92ECC2C062EBA00A3DC15 /* TableView_PaginationUITests */ = {
			isa = PBXGroup;
			children = (
				63D92ECD2C062EBA00A3DC15 /* TableView_PaginationUITests.swift */,
				63D92ECF2C062EBA00A3DC15 /* TableView_PaginationUITestsLaunchTests.swift */,
			);
			path = TableView_PaginationUITests;
			sourceTree = "<group>";
		};
		63D92EDC2C06305100A3DC15 /* Views */ = {
			isa = PBXGroup;
			children = (
				63D92EF12C06516B00A3DC15 /* TableCells */,
				63D92EB02C062EB800A3DC15 /* PostViewController.swift */,
				63D92EDD2C06307700A3DC15 /* DetailPostViewController.swift */,
			);
			path = Views;
			sourceTree = "<group>";
		};
		63D92EDF2C063F1700A3DC15 /* Models */ = {
			isa = PBXGroup;
			children = (
				63D92EE22C06402800A3DC15 /* Post */,
			);
			path = Models;
			sourceTree = "<group>";
		};
		63D92EE02C063FD400A3DC15 /* Services */ = {
			isa = PBXGroup;
			children = (
				63D92EE72C06424300A3DC15 /* APIService.swift */,
			);
			path = Services;
			sourceTree = "<group>";
		};
		63D92EE12C06401100A3DC15 /* Resource */ = {
			isa = PBXGroup;
			children = (
				63D92EE92C0642CE00A3DC15 /* PostResource.swift */,
			);
			path = Resource;
			sourceTree = "<group>";
		};
		63D92EE22C06402800A3DC15 /* Post */ = {
			isa = PBXGroup;
			children = (
				63D92EE32C06405400A3DC15 /* PostRequest.swift */,
				63D92EE52C06406E00A3DC15 /* PostResponse.swift */,
			);
			path = Post;
			sourceTree = "<group>";
		};
		63D92EEB2C06439B00A3DC15 /* Constants */ = {
			isa = PBXGroup;
			children = (
				63D92EEC2C0643DF00A3DC15 /* Common.swift */,
			);
			path = Constants;
			sourceTree = "<group>";
		};
		63D92EEE2C06457500A3DC15 /* ViewModels */ = {
			isa = PBXGroup;
			children = (
				63D92EEF2C06458F00A3DC15 /* PostViewModel.swift */,
			);
			path = ViewModels;
			sourceTree = "<group>";
		};
		63D92EF12C06516B00A3DC15 /* TableCells */ = {
			isa = PBXGroup;
			children = (
				63D92EF22C06519900A3DC15 /* PostCell.swift */,
			);
			path = TableCells;
			sourceTree = "<group>";
		};
		63D92EF72C06EBF800A3DC15 /* Storyboard */ = {
			isa = PBXGroup;
			children = (
				63D92EB22C062EB800A3DC15 /* Main.storyboard */,
				63D92EB72C062EBA00A3DC15 /* LaunchScreen.storyboard */,
			);
			path = Storyboard;
			sourceTree = "<group>";
		};
/* End PBXGroup section */

/* Begin PBXNativeTarget section */
		63D92EA82C062EB800A3DC15 /* TableView_Pagination */ = {
			isa = PBXNativeTarget;
			buildConfigurationList = 63D92ED32C062EBA00A3DC15 /* Build configuration list for PBXNativeTarget "TableView_Pagination" */;
			buildPhases = (
				63D92EA52C062EB800A3DC15 /* Sources */,
				63D92EA62C062EB800A3DC15 /* Frameworks */,
				63D92EA72C062EB800A3DC15 /* Resources */,
			);
			buildRules = (
			);
			dependencies = (
			);
			name = TableView_Pagination;
			productName = TableView_Pagination;
			productReference = 63D92EA92C062EB800A3DC15 /* TableView_Pagination.app */;
			productType = "com.apple.product-type.application";
		};
		63D92EBE2C062EBA00A3DC15 /* TableView_PaginationTests */ = {
			isa = PBXNativeTarget;
			buildConfigurationList = 63D92ED62C062EBA00A3DC15 /* Build configuration list for PBXNativeTarget "TableView_PaginationTests" */;
			buildPhases = (
				63D92EBB2C062EBA00A3DC15 /* Sources */,
				63D92EBC2C062EBA00A3DC15 /* Frameworks */,
				63D92EBD2C062EBA00A3DC15 /* Resources */,
			);
			buildRules = (
			);
			dependencies = (
				63D92EC12C062EBA00A3DC15 /* PBXTargetDependency */,
			);
			name = TableView_PaginationTests;
			productName = TableView_PaginationTests;
			productReference = 63D92EBF2C062EBA00A3DC15 /* TableView_PaginationTests.xctest */;
			productType = "com.apple.product-type.bundle.unit-test";
		};
		63D92EC82C062EBA00A3DC15 /* TableView_PaginationUITests */ = {
			isa = PBXNativeTarget;
			buildConfigurationList = 63D92ED92C062EBA00A3DC15 /* Build configuration list for PBXNativeTarget "TableView_PaginationUITests" */;
			buildPhases = (
				63D92EC52C062EBA00A3DC15 /* Sources */,
				63D92EC62C062EBA00A3DC15 /* Frameworks */,
				63D92EC72C062EBA00A3DC15 /* Resources */,
			);
			buildRules = (
			);
			dependencies = (
				63D92ECB2C062EBA00A3DC15 /* PBXTargetDependency */,
			);
			name = TableView_PaginationUITests;
			productName = TableView_PaginationUITests;
			productReference = 63D92EC92C062EBA00A3DC15 /* TableView_PaginationUITests.xctest */;
			productType = "com.apple.product-type.bundle.ui-testing";
		};
/* End PBXNativeTarget section */

/* Begin PBXProject section */
		63D92EA12C062EB800A3DC15 /* Project object */ = {
			isa = PBXProject;
			attributes = {
				BuildIndependentTargetsInParallel = 1;
				LastSwiftUpdateCheck = 1540;
				LastUpgradeCheck = 1540;
				TargetAttributes = {
					63D92EA82C062EB800A3DC15 = {
						CreatedOnToolsVersion = 15.4;
					};
					63D92EBE2C062EBA00A3DC15 = {
						CreatedOnToolsVersion = 15.4;
						TestTargetID = 63D92EA82C062EB800A3DC15;
					};
					63D92EC82C062EBA00A3DC15 = {
						CreatedOnToolsVersion = 15.4;
						TestTargetID = 63D92EA82C062EB800A3DC15;
					};
				};
			};
			buildConfigurationList = 63D92EA42C062EB800A3DC15 /* Build configuration list for PBXProject "TableView_Pagination" */;
			compatibilityVersion = "Xcode 14.0";
			developmentRegion = en;
			hasScannedForEncodings = 0;
			knownRegions = (
				en,
				Base,
			);
			mainGroup = 63D92EA02C062EB800A3DC15;
			productRefGroup = 63D92EAA2C062EB800A3DC15 /* Products */;
			projectDirPath = "";
			projectRoot = "";
			targets = (
				63D92EA82C062EB800A3DC15 /* TableView_Pagination */,
				63D92EBE2C062EBA00A3DC15 /* TableView_PaginationTests */,
				63D92EC82C062EBA00A3DC15 /* TableView_PaginationUITests */,
			);
		};
/* End PBXProject section */

/* Begin PBXResourcesBuildPhase section */
		63D92EA72C062EB800A3DC15 /* Resources */ = {
			isa = PBXResourcesBuildPhase;
			buildActionMask = 2147483647;
			files = (
				63D92EB62C062EBA00A3DC15 /* Assets.xcassets in Resources */,
				63D92EB92C062EBA00A3DC15 /* Base in Resources */,
				63D92EB42C062EB800A3DC15 /* Base in Resources */,
			);
			runOnlyForDeploymentPostprocessing = 0;
		};
		63D92EBD2C062EBA00A3DC15 /* Resources */ = {
			isa = PBXResourcesBuildPhase;
			buildActionMask = 2147483647;
			files = (
			);
			runOnlyForDeploymentPostprocessing = 0;
		};
		63D92EC72C062EBA00A3DC15 /* Resources */ = {
			isa = PBXResourcesBuildPhase;
			buildActionMask = 2147483647;
			files = (
			);
			runOnlyForDeploymentPostprocessing = 0;
		};
/* End PBXResourcesBuildPhase section */

/* Begin PBXSourcesBuildPhase section */
		63D92EA52C062EB800A3DC15 /* Sources */ = {
			isa = PBXSourcesBuildPhase;
			buildActionMask = 2147483647;
			files = (
				63D92EF02C06458F00A3DC15 /* PostViewModel.swift in Sources */,
				63D92EB12C062EB800A3DC15 /* PostViewController.swift in Sources */,
				63D92EE82C06424300A3DC15 /* APIService.swift in Sources */,
				63D92EED2C0643DF00A3DC15 /* Common.swift in Sources */,
				63D92EAD2C062EB800A3DC15 /* AppDelegate.swift in Sources */,
				63D92EEA2C0642CE00A3DC15 /* PostResource.swift in Sources */,
				63D92EE42C06405400A3DC15 /* PostRequest.swift in Sources */,
				63D92EAF2C062EB800A3DC15 /* SceneDelegate.swift in Sources */,
				63D92EF32C06519900A3DC15 /* PostCell.swift in Sources */,
				63D92EE62C06406E00A3DC15 /* PostResponse.swift in Sources */,
				63D92EDE2C06307700A3DC15 /* DetailPostViewController.swift in Sources */,
			);
			runOnlyForDeploymentPostprocessing = 0;
		};
		63D92EBB2C062EBA00A3DC15 /* Sources */ = {
			isa = PBXSourcesBuildPhase;
			buildActionMask = 2147483647;
			files = (
				63D92EC42C062EBA00A3DC15 /* TableView_PaginationTests.swift in Sources */,
			);
			runOnlyForDeploymentPostprocessing = 0;
		};
		63D92EC52C062EBA00A3DC15 /* Sources */ = {
			isa = PBXSourcesBuildPhase;
			buildActionMask = 2147483647;
			files = (
				63D92ED02C062EBA00A3DC15 /* TableView_PaginationUITestsLaunchTests.swift in Sources */,
				63D92ECE2C062EBA00A3DC15 /* TableView_PaginationUITests.swift in Sources */,
			);
			runOnlyForDeploymentPostprocessing = 0;
		};
/* End PBXSourcesBuildPhase section */

/* Begin PBXTargetDependency section */
		63D92EC12C062EBA00A3DC15 /* PBXTargetDependency */ = {
			isa = PBXTargetDependency;
			target = 63D92EA82C062EB800A3DC15 /* TableView_Pagination */;
			targetProxy = 63D92EC02C062EBA00A3DC15 /* PBXContainerItemProxy */;
		};
		63D92ECB2C062EBA00A3DC15 /* PBXTargetDependency */ = {
			isa = PBXTargetDependency;
			target = 63D92EA82C062EB800A3DC15 /* TableView_Pagination */;
			targetProxy = 63D92ECA2C062EBA00A3DC15 /* PBXContainerItemProxy */;
		};
/* End PBXTargetDependency section */

/* Begin PBXVariantGroup section */
		63D92EB22C062EB800A3DC15 /* Main.storyboard */ = {
			isa = PBXVariantGroup;
			children = (
				63D92EB32C062EB800A3DC15 /* Base */,
			);
			name = Main.storyboard;
			sourceTree = "<group>";
		};
		63D92EB72C062EBA00A3DC15 /* LaunchScreen.storyboard */ = {
			isa = PBXVariantGroup;
			children = (
				63D92EB82C062EBA00A3DC15 /* Base */,
			);
			name = LaunchScreen.storyboard;
			sourceTree = "<group>";
		};
/* End PBXVariantGroup section */

/* Begin XCBuildConfiguration section */
		63D92ED12C062EBA00A3DC15 /* Debug */ = {
			isa = XCBuildConfiguration;
			buildSettings = {
				ALWAYS_SEARCH_USER_PATHS = NO;
				ASSETCATALOG_COMPILER_GENERATE_SWIFT_ASSET_SYMBOL_EXTENSIONS = YES;
				CLANG_ANALYZER_NONNULL = YES;
				CLANG_ANALYZER_NUMBER_OBJECT_CONVERSION = YES_AGGRESSIVE;
				CLANG_CXX_LANGUAGE_STANDARD = "gnu++20";
				CLANG_ENABLE_MODULES = YES;
				CLANG_ENABLE_OBJC_ARC = YES;
				CLANG_ENABLE_OBJC_WEAK = YES;
				CLANG_WARN_BLOCK_CAPTURE_AUTORELEASING = YES;
				CLANG_WARN_BOOL_CONVERSION = YES;
				CLANG_WARN_COMMA = YES;
				CLANG_WARN_CONSTANT_CONVERSION = YES;
				CLANG_WARN_DEPRECATED_OBJC_IMPLEMENTATIONS = YES;
				CLANG_WARN_DIRECT_OBJC_ISA_USAGE = YES_ERROR;
				CLANG_WARN_DOCUMENTATION_COMMENTS = YES;
				CLANG_WARN_EMPTY_BODY = YES;
				CLANG_WARN_ENUM_CONVERSION = YES;
				CLANG_WARN_INFINITE_RECURSION = YES;
				CLANG_WARN_INT_CONVERSION = YES;
				CLANG_WARN_NON_LITERAL_NULL_CONVERSION = YES;
				CLANG_WARN_OBJC_IMPLICIT_RETAIN_SELF = YES;
				CLANG_WARN_OBJC_LITERAL_CONVERSION = YES;
				CLANG_WARN_OBJC_ROOT_CLASS = YES_ERROR;
				CLANG_WARN_QUOTED_INCLUDE_IN_FRAMEWORK_HEADER = YES;
				CLANG_WARN_RANGE_LOOP_ANALYSIS = YES;
				CLANG_WARN_STRICT_PROTOTYPES = YES;
				CLANG_WARN_SUSPICIOUS_MOVE = YES;
				CLANG_WARN_UNGUARDED_AVAILABILITY = YES_AGGRESSIVE;
				CLANG_WARN_UNREACHABLE_CODE = YES;
				CLANG_WARN__DUPLICATE_METHOD_MATCH = YES;
				COPY_PHASE_STRIP = NO;
				DEBUG_INFORMATION_FORMAT = dwarf;
				ENABLE_STRICT_OBJC_MSGSEND = YES;
				ENABLE_TESTABILITY = YES;
				ENABLE_USER_SCRIPT_SANDBOXING = YES;
				GCC_C_LANGUAGE_STANDARD = gnu17;
				GCC_DYNAMIC_NO_PIC = NO;
				GCC_NO_COMMON_BLOCKS = YES;
				GCC_OPTIMIZATION_LEVEL = 0;
				GCC_PREPROCESSOR_DEFINITIONS = (
					"DEBUG=1",
					"$(inherited)",
				);
				GCC_WARN_64_TO_32_BIT_CONVERSION = YES;
				GCC_WARN_ABOUT_RETURN_TYPE = YES_ERROR;
				GCC_WARN_UNDECLARED_SELECTOR = YES;
				GCC_WARN_UNINITIALIZED_AUTOS = YES_AGGRESSIVE;
				GCC_WARN_UNUSED_FUNCTION = YES;
				GCC_WARN_UNUSED_VARIABLE = YES;
				IPHONEOS_DEPLOYMENT_TARGET = 13.0;
				LOCALIZATION_PREFERS_STRING_CATALOGS = YES;
				MTL_ENABLE_DEBUG_INFO = INCLUDE_SOURCE;
				MTL_FAST_MATH = YES;
				ONLY_ACTIVE_ARCH = YES;
				SDKROOT = iphoneos;
				SWIFT_ACTIVE_COMPILATION_CONDITIONS = "DEBUG $(inherited)";
				SWIFT_OPTIMIZATION_LEVEL = "-Onone";
			};
			name = Debug;
		};
		63D92ED22C062EBA00A3DC15 /* Release */ = {
			isa = XCBuildConfiguration;
			buildSettings = {
				ALWAYS_SEARCH_USER_PATHS = NO;
				ASSETCATALOG_COMPILER_GENERATE_SWIFT_ASSET_SYMBOL_EXTENSIONS = YES;
				CLANG_ANALYZER_NONNULL = YES;
				CLANG_ANALYZER_NUMBER_OBJECT_CONVERSION = YES_AGGRESSIVE;
				CLANG_CXX_LANGUAGE_STANDARD = "gnu++20";
				CLANG_ENABLE_MODULES = YES;
				CLANG_ENABLE_OBJC_ARC = YES;
				CLANG_ENABLE_OBJC_WEAK = YES;
				CLANG_WARN_BLOCK_CAPTURE_AUTORELEASING = YES;
				CLANG_WARN_BOOL_CONVERSION = YES;
				CLANG_WARN_COMMA = YES;
				CLANG_WARN_CONSTANT_CONVERSION = YES;
				CLANG_WARN_DEPRECATED_OBJC_IMPLEMENTATIONS = YES;
				CLANG_WARN_DIRECT_OBJC_ISA_USAGE = YES_ERROR;
				CLANG_WARN_DOCUMENTATION_COMMENTS = YES;
				CLANG_WARN_EMPTY_BODY = YES;
				CLANG_WARN_ENUM_CONVERSION = YES;
				CLANG_WARN_INFINITE_RECURSION = YES;
				CLANG_WARN_INT_CONVERSION = YES;
				CLANG_WARN_NON_LITERAL_NULL_CONVERSION = YES;
				CLANG_WARN_OBJC_IMPLICIT_RETAIN_SELF = YES;
				CLANG_WARN_OBJC_LITERAL_CONVERSION = YES;
				CLANG_WARN_OBJC_ROOT_CLASS = YES_ERROR;
				CLANG_WARN_QUOTED_INCLUDE_IN_FRAMEWORK_HEADER = YES;
				CLANG_WARN_RANGE_LOOP_ANALYSIS = YES;
				CLANG_WARN_STRICT_PROTOTYPES = YES;
				CLANG_WARN_SUSPICIOUS_MOVE = YES;
				CLANG_WARN_UNGUARDED_AVAILABILITY = YES_AGGRESSIVE;
				CLANG_WARN_UNREACHABLE_CODE = YES;
				CLANG_WARN__DUPLICATE_METHOD_MATCH = YES;
				COPY_PHASE_STRIP = NO;
				DEBUG_INFORMATION_FORMAT = "dwarf-with-dsym";
				ENABLE_NS_ASSERTIONS = NO;
				ENABLE_STRICT_OBJC_MSGSEND = YES;
				ENABLE_USER_SCRIPT_SANDBOXING = YES;
				GCC_C_LANGUAGE_STANDARD = gnu17;
				GCC_NO_COMMON_BLOCKS = YES;
				GCC_WARN_64_TO_32_BIT_CONVERSION = YES;
				GCC_WARN_ABOUT_RETURN_TYPE = YES_ERROR;
				GCC_WARN_UNDECLARED_SELECTOR = YES;
				GCC_WARN_UNINITIALIZED_AUTOS = YES_AGGRESSIVE;
				GCC_WARN_UNUSED_FUNCTION = YES;
				GCC_WARN_UNUSED_VARIABLE = YES;
				IPHONEOS_DEPLOYMENT_TARGET = 13.0;
				LOCALIZATION_PREFERS_STRING_CATALOGS = YES;
				MTL_ENABLE_DEBUG_INFO = NO;
				MTL_FAST_MATH = YES;
				SDKROOT = iphoneos;
				SWIFT_COMPILATION_MODE = wholemodule;
				VALIDATE_PRODUCT = YES;
			};
			name = Release;
		};
		63D92ED42C062EBA00A3DC15 /* Debug */ = {
			isa = XCBuildConfiguration;
			buildSettings = {
				ASSETCATALOG_COMPILER_APPICON_NAME = AppIcon;
				ASSETCATALOG_COMPILER_GLOBAL_ACCENT_COLOR_NAME = AccentColor;
				CODE_SIGN_STYLE = Automatic;
				CURRENT_PROJECT_VERSION = 1;
				GENERATE_INFOPLIST_FILE = YES;
				INFOPLIST_FILE = TableView_Pagination/Info.plist;
				INFOPLIST_KEY_UIApplicationSupportsIndirectInputEvents = YES;
				INFOPLIST_KEY_UILaunchStoryboardName = LaunchScreen;
				INFOPLIST_KEY_UIMainStoryboardFile = Main;
				INFOPLIST_KEY_UISupportedInterfaceOrientations_iPad = "UIInterfaceOrientationPortrait UIInterfaceOrientationPortraitUpsideDown UIInterfaceOrientationLandscapeLeft UIInterfaceOrientationLandscapeRight";
				INFOPLIST_KEY_UISupportedInterfaceOrientations_iPhone = "UIInterfaceOrientationPortrait UIInterfaceOrientationLandscapeLeft UIInterfaceOrientationLandscapeRight";
				IPHONEOS_DEPLOYMENT_TARGET = 13.0;
				LD_RUNPATH_SEARCH_PATHS = (
					"$(inherited)",
					"@executable_path/Frameworks",
				);
				MARKETING_VERSION = 1.0;
				PRODUCT_BUNDLE_IDENTIFIER = "com.akkilazy.TableView-Pagination";
				PRODUCT_NAME = "$(TARGET_NAME)";
				SWIFT_EMIT_LOC_STRINGS = YES;
				SWIFT_VERSION = 5.0;
				TARGETED_DEVICE_FAMILY = "1,2";
			};
			name = Debug;
		};
		63D92ED52C062EBA00A3DC15 /* Release */ = {
			isa = XCBuildConfiguration;
			buildSettings = {
				ASSETCATALOG_COMPILER_APPICON_NAME = AppIcon;
				ASSETCATALOG_COMPILER_GLOBAL_ACCENT_COLOR_NAME = AccentColor;
				CODE_SIGN_STYLE = Automatic;
				CURRENT_PROJECT_VERSION = 1;
				GENERATE_INFOPLIST_FILE = YES;
				INFOPLIST_FILE = TableView_Pagination/Info.plist;
				INFOPLIST_KEY_UIApplicationSupportsIndirectInputEvents = YES;
				INFOPLIST_KEY_UILaunchStoryboardName = LaunchScreen;
				INFOPLIST_KEY_UIMainStoryboardFile = Main;
				INFOPLIST_KEY_UISupportedInterfaceOrientations_iPad = "UIInterfaceOrientationPortrait UIInterfaceOrientationPortraitUpsideDown UIInterfaceOrientationLandscapeLeft UIInterfaceOrientationLandscapeRight";
				INFOPLIST_KEY_UISupportedInterfaceOrientations_iPhone = "UIInterfaceOrientationPortrait UIInterfaceOrientationLandscapeLeft UIInterfaceOrientationLandscapeRight";
				IPHONEOS_DEPLOYMENT_TARGET = 13.0;
				LD_RUNPATH_SEARCH_PATHS = (
					"$(inherited)",
					"@executable_path/Frameworks",
				);
				MARKETING_VERSION = 1.0;
				PRODUCT_BUNDLE_IDENTIFIER = "com.akkilazy.TableView-Pagination";
				PRODUCT_NAME = "$(TARGET_NAME)";
				SWIFT_EMIT_LOC_STRINGS = YES;
				SWIFT_VERSION = 5.0;
				TARGETED_DEVICE_FAMILY = "1,2";
			};
			name = Release;
		};
		63D92ED72C062EBA00A3DC15 /* Debug */ = {
			isa = XCBuildConfiguration;
			buildSettings = {
				ALWAYS_EMBED_SWIFT_STANDARD_LIBRARIES = YES;
				BUNDLE_LOADER = "$(TEST_HOST)";
				CODE_SIGN_STYLE = Automatic;
				CURRENT_PROJECT_VERSION = 1;
				GENERATE_INFOPLIST_FILE = YES;
				IPHONEOS_DEPLOYMENT_TARGET = 13.0;
				MARKETING_VERSION = 1.0;
				PRODUCT_BUNDLE_IDENTIFIER = "com.akkilazy.TableView-PaginationTests";
				PRODUCT_NAME = "$(TARGET_NAME)";
				SWIFT_EMIT_LOC_STRINGS = NO;
				SWIFT_VERSION = 5.0;
				TARGETED_DEVICE_FAMILY = "1,2";
				TEST_HOST = "$(BUILT_PRODUCTS_DIR)/TableView_Pagination.app/$(BUNDLE_EXECUTABLE_FOLDER_PATH)/TableView_Pagination";
			};
			name = Debug;
		};
		63D92ED82C062EBA00A3DC15 /* Release */ = {
			isa = XCBuildConfiguration;
			buildSettings = {
				ALWAYS_EMBED_SWIFT_STANDARD_LIBRARIES = YES;
				BUNDLE_LOADER = "$(TEST_HOST)";
				CODE_SIGN_STYLE = Automatic;
				CURRENT_PROJECT_VERSION = 1;
				GENERATE_INFOPLIST_FILE = YES;
				IPHONEOS_DEPLOYMENT_TARGET = 13.0;
				MARKETING_VERSION = 1.0;
				PRODUCT_BUNDLE_IDENTIFIER = "com.akkilazy.TableView-PaginationTests";
				PRODUCT_NAME = "$(TARGET_NAME)";
				SWIFT_EMIT_LOC_STRINGS = NO;
				SWIFT_VERSION = 5.0;
				TARGETED_DEVICE_FAMILY = "1,2";
				TEST_HOST = "$(BUILT_PRODUCTS_DIR)/TableView_Pagination.app/$(BUNDLE_EXECUTABLE_FOLDER_PATH)/TableView_Pagination";
			};
			name = Release;
		};
		63D92EDA2C062EBA00A3DC15 /* Debug */ = {
			isa = XCBuildConfiguration;
			buildSettings = {
				ALWAYS_EMBED_SWIFT_STANDARD_LIBRARIES = YES;
				CODE_SIGN_STYLE = Automatic;
				CURRENT_PROJECT_VERSION = 1;
				GENERATE_INFOPLIST_FILE = YES;
				IPHONEOS_DEPLOYMENT_TARGET = 13.0;
				MARKETING_VERSION = 1.0;
				PRODUCT_BUNDLE_IDENTIFIER = "com.akkilazy.TableView-PaginationUITests";
				PRODUCT_NAME = "$(TARGET_NAME)";
				SUPPORTED_PLATFORMS = "iphoneos iphonesimulator";
				SUPPORTS_MACCATALYST = NO;
				SUPPORTS_MAC_DESIGNED_FOR_IPHONE_IPAD = NO;
				SUPPORTS_XR_DESIGNED_FOR_IPHONE_IPAD = NO;
				SWIFT_EMIT_LOC_STRINGS = NO;
				SWIFT_VERSION = 5.0;
				TARGETED_DEVICE_FAMILY = "1,2";
				TEST_TARGET_NAME = TableView_Pagination;
			};
			name = Debug;
		};
		63D92EDB2C062EBA00A3DC15 /* Release */ = {
			isa = XCBuildConfiguration;
			buildSettings = {
				ALWAYS_EMBED_SWIFT_STANDARD_LIBRARIES = YES;
				CODE_SIGN_STYLE = Automatic;
				CURRENT_PROJECT_VERSION = 1;
				GENERATE_INFOPLIST_FILE = YES;
				IPHONEOS_DEPLOYMENT_TARGET = 13.0;
				MARKETING_VERSION = 1.0;
				PRODUCT_BUNDLE_IDENTIFIER = "com.akkilazy.TableView-PaginationUITests";
				PRODUCT_NAME = "$(TARGET_NAME)";
				SUPPORTED_PLATFORMS = "iphoneos iphonesimulator";
				SUPPORTS_MACCATALYST = NO;
				SUPPORTS_MAC_DESIGNED_FOR_IPHONE_IPAD = NO;
				SUPPORTS_XR_DESIGNED_FOR_IPHONE_IPAD = NO;
				SWIFT_EMIT_LOC_STRINGS = NO;
				SWIFT_VERSION = 5.0;
				TARGETED_DEVICE_FAMILY = "1,2";
				TEST_TARGET_NAME = TableView_Pagination;
			};
			name = Release;
		};
/* End XCBuildConfiguration section */

/* Begin XCConfigurationList section */
		63D92EA42C062EB800A3DC15 /* Build configuration list for PBXProject "TableView_Pagination" */ = {
			isa = XCConfigurationList;
			buildConfigurations = (
				63D92ED12C062EBA00A3DC15 /* Debug */,
				63D92ED22C062EBA00A3DC15 /* Release */,
			);
			defaultConfigurationIsVisible = 0;
			defaultConfigurationName = Release;
		};
		63D92ED32C062EBA00A3DC15 /* Build configuration list for PBXNativeTarget "TableView_Pagination" */ = {
			isa = XCConfigurationList;
			buildConfigurations = (
				63D92ED42C062EBA00A3DC15 /* Debug */,
				63D92ED52C062EBA00A3DC15 /* Release */,
			);
			defaultConfigurationIsVisible = 0;
			defaultConfigurationName = Release;
		};
		63D92ED62C062EBA00A3DC15 /* Build configuration list for PBXNativeTarget "TableView_PaginationTests" */ = {
			isa = XCConfigurationList;
			buildConfigurations = (
				63D92ED72C062EBA00A3DC15 /* Debug */,
				63D92ED82C062EBA00A3DC15 /* Release */,
			);
			defaultConfigurationIsVisible = 0;
			defaultConfigurationName = Release;
		};
		63D92ED92C062EBA00A3DC15 /* Build configuration list for PBXNativeTarget "TableView_PaginationUITests" */ = {
			isa = XCConfigurationList;
			buildConfigurations = (
				63D92EDA2C062EBA00A3DC15 /* Debug */,
				63D92EDB2C062EBA00A3DC15 /* Release */,
			);
			defaultConfigurationIsVisible = 0;
			defaultConfigurationName = Release;
		};
/* End XCConfigurationList section */
	};
	rootObject = 63D92EA12C062EB800A3DC15 /* Project object */;
}
